// !$*UTF8*$!
{
	archiveVersion = 1;
	classes = {
	};
	objectVersion = 56;
	objects = {

/* Begin PBXBuildFile section */
		0683DEBC1D9FBC199A572A75 /* Pods_rss_reader.framework in Frameworks */ = {isa = PBXBuildFile; fileRef = DB0A9019951D5D2DF056244D /* Pods_rss_reader.framework */; };
		38C6147B29895EBD004FD7A3 /* AppDelegate.swift in Sources */ = {isa = PBXBuildFile; fileRef = 38C6147A29895EBD004FD7A3 /* AppDelegate.swift */; };
		38C6147D29895EBD004FD7A3 /* SceneDelegate.swift in Sources */ = {isa = PBXBuildFile; fileRef = 38C6147C29895EBD004FD7A3 /* SceneDelegate.swift */; };
		38C6148429895EBF004FD7A3 /* Assets.xcassets in Resources */ = {isa = PBXBuildFile; fileRef = 38C6148329895EBF004FD7A3 /* Assets.xcassets */; };
		38C6148729895EBF004FD7A3 /* LaunchScreen.storyboard in Resources */ = {isa = PBXBuildFile; fileRef = 38C6148529895EBF004FD7A3 /* LaunchScreen.storyboard */; };
		38C61497298981A1004FD7A3 /* MainPresenter.swift in Sources */ = {isa = PBXBuildFile; fileRef = 38C61496298981A1004FD7A3 /* MainPresenter.swift */; };
		38C6149929898205004FD7A3 /* MainPresenterProtocol.swift in Sources */ = {isa = PBXBuildFile; fileRef = 38C6149829898205004FD7A3 /* MainPresenterProtocol.swift */; };
		38C6149B2989821A004FD7A3 /* MainViewProtocol.swift in Sources */ = {isa = PBXBuildFile; fileRef = 38C6149A2989821A004FD7A3 /* MainViewProtocol.swift */; };
		38C6149D29898236004FD7A3 /* MainViewController.swift in Sources */ = {isa = PBXBuildFile; fileRef = 38C6149C29898236004FD7A3 /* MainViewController.swift */; };
		38C614A329898535004FD7A3 /* AssemblyBuilderProtocol.swift in Sources */ = {isa = PBXBuildFile; fileRef = 38C614A229898535004FD7A3 /* AssemblyBuilderProtocol.swift */; };
		38C614A529898559004FD7A3 /* AssemblyBuilder.swift in Sources */ = {isa = PBXBuildFile; fileRef = 38C614A429898559004FD7A3 /* AssemblyBuilder.swift */; };
		38C614A729898583004FD7A3 /* RouterProtocol.swift in Sources */ = {isa = PBXBuildFile; fileRef = 38C614A629898583004FD7A3 /* RouterProtocol.swift */; };
		38C614A929898593004FD7A3 /* Router.swift in Sources */ = {isa = PBXBuildFile; fileRef = 38C614A829898593004FD7A3 /* Router.swift */; };
		38C614AC29898812004FD7A3 /* News.swift in Sources */ = {isa = PBXBuildFile; fileRef = 38C614AB29898812004FD7A3 /* News.swift */; };
		38C614AF2989888C004FD7A3 /* Parser.swift in Sources */ = {isa = PBXBuildFile; fileRef = 38C614AE2989888C004FD7A3 /* Parser.swift */; };
		38C614B229899300004FD7A3 /* NewsCell.swift in Sources */ = {isa = PBXBuildFile; fileRef = 38C614B1298992FF004FD7A3 /* NewsCell.swift */; };
		38C614BD298A6121004FD7A3 /* NetworkService.swift in Sources */ = {isa = PBXBuildFile; fileRef = 38C614BC298A6121004FD7A3 /* NetworkService.swift */; };
		38C614BF298A612E004FD7A3 /* NetworkServiceProtocol.swift in Sources */ = {isa = PBXBuildFile; fileRef = 38C614BE298A612E004FD7A3 /* NetworkServiceProtocol.swift */; };
		38C614C2298A6B27004FD7A3 /* ActivityIndicator.swift in Sources */ = {isa = PBXBuildFile; fileRef = 38C614C1298A6B27004FD7A3 /* ActivityIndicator.swift */; };
		38C614C4298A8E7E004FD7A3 /* extension+DateFormatter.swift in Sources */ = {isa = PBXBuildFile; fileRef = 38C614C3298A8E7E004FD7A3 /* extension+DateFormatter.swift */; };
		38C614CA298AF9CD004FD7A3 /* NewsDetailsViewProtocol.swift in Sources */ = {isa = PBXBuildFile; fileRef = 38C614C9298AF9CD004FD7A3 /* NewsDetailsViewProtocol.swift */; };
		38C614CC298AF9EA004FD7A3 /* NewsDetailsViewController.swift in Sources */ = {isa = PBXBuildFile; fileRef = 38C614CB298AF9EA004FD7A3 /* NewsDetailsViewController.swift */; };
		38C614CE298AFA29004FD7A3 /* NewsDetailsPresenterProtocol.swift in Sources */ = {isa = PBXBuildFile; fileRef = 38C614CD298AFA29004FD7A3 /* NewsDetailsPresenterProtocol.swift */; };
		38C614D0298AFA58004FD7A3 /* NewsDetailsPresenter.swift in Sources */ = {isa = PBXBuildFile; fileRef = 38C614CF298AFA58004FD7A3 /* NewsDetailsPresenter.swift */; };
/* End PBXBuildFile section */

/* Begin PBXFileReference section */
		38C6147729895EBD004FD7A3 /* rss-reader.app */ = {isa = PBXFileReference; explicitFileType = wrapper.application; includeInIndex = 0; path = "rss-reader.app"; sourceTree = BUILT_PRODUCTS_DIR; };
		38C6147A29895EBD004FD7A3 /* AppDelegate.swift */ = {isa = PBXFileReference; lastKnownFileType = sourcecode.swift; path = AppDelegate.swift; sourceTree = "<group>"; };
		38C6147C29895EBD004FD7A3 /* SceneDelegate.swift */ = {isa = PBXFileReference; lastKnownFileType = sourcecode.swift; path = SceneDelegate.swift; sourceTree = "<group>"; };
		38C6148329895EBF004FD7A3 /* Assets.xcassets */ = {isa = PBXFileReference; lastKnownFileType = folder.assetcatalog; path = Assets.xcassets; sourceTree = "<group>"; };
		38C6148629895EBF004FD7A3 /* Base */ = {isa = PBXFileReference; lastKnownFileType = file.storyboard; name = Base; path = Base.lproj/LaunchScreen.storyboard; sourceTree = "<group>"; };
		38C6148829895EBF004FD7A3 /* Info.plist */ = {isa = PBXFileReference; lastKnownFileType = text.plist.xml; path = Info.plist; sourceTree = "<group>"; };
		38C61496298981A1004FD7A3 /* MainPresenter.swift */ = {isa = PBXFileReference; lastKnownFileType = sourcecode.swift; path = MainPresenter.swift; sourceTree = "<group>"; };
		38C6149829898205004FD7A3 /* MainPresenterProtocol.swift */ = {isa = PBXFileReference; lastKnownFileType = sourcecode.swift; path = MainPresenterProtocol.swift; sourceTree = "<group>"; };
		38C6149A2989821A004FD7A3 /* MainViewProtocol.swift */ = {isa = PBXFileReference; lastKnownFileType = sourcecode.swift; path = MainViewProtocol.swift; sourceTree = "<group>"; };
		38C6149C29898236004FD7A3 /* MainViewController.swift */ = {isa = PBXFileReference; lastKnownFileType = sourcecode.swift; path = MainViewController.swift; sourceTree = "<group>"; };
		38C614A229898535004FD7A3 /* AssemblyBuilderProtocol.swift */ = {isa = PBXFileReference; lastKnownFileType = sourcecode.swift; path = AssemblyBuilderProtocol.swift; sourceTree = "<group>"; };
		38C614A429898559004FD7A3 /* AssemblyBuilder.swift */ = {isa = PBXFileReference; lastKnownFileType = sourcecode.swift; path = AssemblyBuilder.swift; sourceTree = "<group>"; };
		38C614A629898583004FD7A3 /* RouterProtocol.swift */ = {isa = PBXFileReference; lastKnownFileType = sourcecode.swift; path = RouterProtocol.swift; sourceTree = "<group>"; };
		38C614A829898593004FD7A3 /* Router.swift */ = {isa = PBXFileReference; lastKnownFileType = sourcecode.swift; path = Router.swift; sourceTree = "<group>"; };
		38C614AB29898812004FD7A3 /* News.swift */ = {isa = PBXFileReference; lastKnownFileType = sourcecode.swift; path = News.swift; sourceTree = "<group>"; };
		38C614AE2989888C004FD7A3 /* Parser.swift */ = {isa = PBXFileReference; lastKnownFileType = sourcecode.swift; path = Parser.swift; sourceTree = "<group>"; };
		38C614B1298992FF004FD7A3 /* NewsCell.swift */ = {isa = PBXFileReference; lastKnownFileType = sourcecode.swift; path = NewsCell.swift; sourceTree = "<group>"; };
		38C614BC298A6121004FD7A3 /* NetworkService.swift */ = {isa = PBXFileReference; lastKnownFileType = sourcecode.swift; path = NetworkService.swift; sourceTree = "<group>"; };
		38C614BE298A612E004FD7A3 /* NetworkServiceProtocol.swift */ = {isa = PBXFileReference; lastKnownFileType = sourcecode.swift; path = NetworkServiceProtocol.swift; sourceTree = "<group>"; };
		38C614C1298A6B27004FD7A3 /* ActivityIndicator.swift */ = {isa = PBXFileReference; lastKnownFileType = sourcecode.swift; path = ActivityIndicator.swift; sourceTree = "<group>"; };
		38C614C3298A8E7E004FD7A3 /* extension+DateFormatter.swift */ = {isa = PBXFileReference; lastKnownFileType = sourcecode.swift; path = "extension+DateFormatter.swift"; sourceTree = "<group>"; };
		38C614C9298AF9CD004FD7A3 /* NewsDetailsViewProtocol.swift */ = {isa = PBXFileReference; lastKnownFileType = sourcecode.swift; path = NewsDetailsViewProtocol.swift; sourceTree = "<group>"; };
		38C614CB298AF9EA004FD7A3 /* NewsDetailsViewController.swift */ = {isa = PBXFileReference; lastKnownFileType = sourcecode.swift; path = NewsDetailsViewController.swift; sourceTree = "<group>"; };
		38C614CD298AFA29004FD7A3 /* NewsDetailsPresenterProtocol.swift */ = {isa = PBXFileReference; lastKnownFileType = sourcecode.swift; path = NewsDetailsPresenterProtocol.swift; sourceTree = "<group>"; };
		38C614CF298AFA58004FD7A3 /* NewsDetailsPresenter.swift */ = {isa = PBXFileReference; lastKnownFileType = sourcecode.swift; path = NewsDetailsPresenter.swift; sourceTree = "<group>"; };
		5E5602388346E355BFDD9B25 /* Pods-rss-reader.debug.xcconfig */ = {isa = PBXFileReference; includeInIndex = 1; lastKnownFileType = text.xcconfig; name = "Pods-rss-reader.debug.xcconfig"; path = "Target Support Files/Pods-rss-reader/Pods-rss-reader.debug.xcconfig"; sourceTree = "<group>"; };
		66B44C82F9B59174E5EF1C6B /* Pods-rss-reader.release.xcconfig */ = {isa = PBXFileReference; includeInIndex = 1; lastKnownFileType = text.xcconfig; name = "Pods-rss-reader.release.xcconfig"; path = "Target Support Files/Pods-rss-reader/Pods-rss-reader.release.xcconfig"; sourceTree = "<group>"; };
		DB0A9019951D5D2DF056244D /* Pods_rss_reader.framework */ = {isa = PBXFileReference; explicitFileType = wrapper.framework; includeInIndex = 0; path = Pods_rss_reader.framework; sourceTree = BUILT_PRODUCTS_DIR; };
/* End PBXFileReference section */

/* Begin PBXFrameworksBuildPhase section */
		38C6147429895EBD004FD7A3 /* Frameworks */ = {
			isa = PBXFrameworksBuildPhase;
			buildActionMask = 2147483647;
			files = (
				0683DEBC1D9FBC199A572A75 /* Pods_rss_reader.framework in Frameworks */,
			);
			runOnlyForDeploymentPostprocessing = 0;
		};
/* End PBXFrameworksBuildPhase section */

/* Begin PBXGroup section */
		38C6146E29895EBD004FD7A3 = {
			isa = PBXGroup;
			children = (
				38C6147929895EBD004FD7A3 /* rss-reader */,
				38C6147829895EBD004FD7A3 /* Products */,
				A7FDF9DBF41D8A0EC2110DC4 /* Pods */,
				A05B89469CB74719763B0E8B /* Frameworks */,
			);
			sourceTree = "<group>";
		};
		38C6147829895EBD004FD7A3 /* Products */ = {
			isa = PBXGroup;
			children = (
				38C6147729895EBD004FD7A3 /* rss-reader.app */,
			);
			name = Products;
			sourceTree = "<group>";
		};
		38C6147929895EBD004FD7A3 /* rss-reader */ = {
			isa = PBXGroup;
			children = (
				38C6149F298984B5004FD7A3 /* Services */,
				38C6149229898152004FD7A3 /* Screens */,
				38C614C0298A6B11004FD7A3 /* Views */,
				38C6149E2989848E004FD7A3 /* res */,
				38C614C3298A8E7E004FD7A3 /* extension+DateFormatter.swift */,
			);
			path = "rss-reader";
			sourceTree = "<group>";
		};
		38C6149229898152004FD7A3 /* Screens */ = {
			isa = PBXGroup;
			children = (
				38C614AA29898797004FD7A3 /* Model */,
				38C6149329898165004FD7A3 /* Main */,
				38C614C5298AF989004FD7A3 /* NewsDetails */,
			);
			path = Screens;
			sourceTree = "<group>";
		};
		38C6149329898165004FD7A3 /* Main */ = {
			isa = PBXGroup;
			children = (
				38C6149429898174004FD7A3 /* View */,
				38C6149529898182004FD7A3 /* Presenter */,
			);
			path = Main;
			sourceTree = "<group>";
		};
		38C6149429898174004FD7A3 /* View */ = {
			isa = PBXGroup;
			children = (
				38C614B0298992E1004FD7A3 /* ViewController */,
				38C614B1298992FF004FD7A3 /* NewsCell.swift */,
			);
			path = View;
			sourceTree = "<group>";
		};
		38C6149529898182004FD7A3 /* Presenter */ = {
			isa = PBXGroup;
			children = (
				38C61496298981A1004FD7A3 /* MainPresenter.swift */,
				38C6149829898205004FD7A3 /* MainPresenterProtocol.swift */,
			);
			path = Presenter;
			sourceTree = "<group>";
		};
		38C6149E2989848E004FD7A3 /* res */ = {
			isa = PBXGroup;
			children = (
				38C6147A29895EBD004FD7A3 /* AppDelegate.swift */,
				38C6147C29895EBD004FD7A3 /* SceneDelegate.swift */,
				38C6148329895EBF004FD7A3 /* Assets.xcassets */,
				38C6148529895EBF004FD7A3 /* LaunchScreen.storyboard */,
				38C6148829895EBF004FD7A3 /* Info.plist */,
			);
			path = res;
			sourceTree = "<group>";
		};
		38C6149F298984B5004FD7A3 /* Services */ = {
			isa = PBXGroup;
			children = (
				38C614A0298984C9004FD7A3 /* Router */,
				38C614A1298984D4004FD7A3 /* AssemblyBuilder */,
				38C614AD29898870004FD7A3 /* Parser */,
				38C614BB298A610D004FD7A3 /* Networking */,
			);
			path = Services;
			sourceTree = "<group>";
		};
		38C614A0298984C9004FD7A3 /* Router */ = {
			isa = PBXGroup;
			children = (
				38C614A629898583004FD7A3 /* RouterProtocol.swift */,
				38C614A829898593004FD7A3 /* Router.swift */,
			);
			path = Router;
			sourceTree = "<group>";
		};
		38C614A1298984D4004FD7A3 /* AssemblyBuilder */ = {
			isa = PBXGroup;
			children = (
				38C614A229898535004FD7A3 /* AssemblyBuilderProtocol.swift */,
				38C614A429898559004FD7A3 /* AssemblyBuilder.swift */,
			);
			path = AssemblyBuilder;
			sourceTree = "<group>";
		};
		38C614AA29898797004FD7A3 /* Model */ = {
			isa = PBXGroup;
			children = (
				38C614AB29898812004FD7A3 /* News.swift */,
			);
			path = Model;
			sourceTree = "<group>";
		};
		38C614AD29898870004FD7A3 /* Parser */ = {
			isa = PBXGroup;
			children = (
				38C614AE2989888C004FD7A3 /* Parser.swift */,
			);
			path = Parser;
			sourceTree = "<group>";
		};
		38C614B0298992E1004FD7A3 /* ViewController */ = {
			isa = PBXGroup;
			children = (
				38C6149C29898236004FD7A3 /* MainViewController.swift */,
				38C6149A2989821A004FD7A3 /* MainViewProtocol.swift */,
			);
			path = ViewController;
			sourceTree = "<group>";
		};
		38C614BB298A610D004FD7A3 /* Networking */ = {
			isa = PBXGroup;
			children = (
				38C614BC298A6121004FD7A3 /* NetworkService.swift */,
				38C614BE298A612E004FD7A3 /* NetworkServiceProtocol.swift */,
			);
			path = Networking;
			sourceTree = "<group>";
		};
		38C614C0298A6B11004FD7A3 /* Views */ = {
			isa = PBXGroup;
			children = (
				38C614C1298A6B27004FD7A3 /* ActivityIndicator.swift */,
			);
			path = Views;
			sourceTree = "<group>";
		};
		38C614C5298AF989004FD7A3 /* NewsDetails */ = {
			isa = PBXGroup;
			children = (
				38C614C6298AF9A0004FD7A3 /* View */,
				38C614C7298AF9A5004FD7A3 /* Presenter */,
			);
			path = NewsDetails;
			sourceTree = "<group>";
		};
		38C614C6298AF9A0004FD7A3 /* View */ = {
			isa = PBXGroup;
			children = (
				38C614C8298AF9B4004FD7A3 /* ViewController */,
			);
			path = View;
			sourceTree = "<group>";
		};
		38C614C7298AF9A5004FD7A3 /* Presenter */ = {
			isa = PBXGroup;
			children = (
				38C614CF298AFA58004FD7A3 /* NewsDetailsPresenter.swift */,
				38C614CD298AFA29004FD7A3 /* NewsDetailsPresenterProtocol.swift */,
			);
			path = Presenter;
			sourceTree = "<group>";
		};
		38C614C8298AF9B4004FD7A3 /* ViewController */ = {
			isa = PBXGroup;
			children = (
				38C614CB298AF9EA004FD7A3 /* NewsDetailsViewController.swift */,
				38C614C9298AF9CD004FD7A3 /* NewsDetailsViewProtocol.swift */,
			);
			path = ViewController;
			sourceTree = "<group>";
		};
		A05B89469CB74719763B0E8B /* Frameworks */ = {
			isa = PBXGroup;
			children = (
				DB0A9019951D5D2DF056244D /* Pods_rss_reader.framework */,
			);
			name = Frameworks;
			sourceTree = "<group>";
		};
		A7FDF9DBF41D8A0EC2110DC4 /* Pods */ = {
			isa = PBXGroup;
			children = (
				5E5602388346E355BFDD9B25 /* Pods-rss-reader.debug.xcconfig */,
				66B44C82F9B59174E5EF1C6B /* Pods-rss-reader.release.xcconfig */,
			);
			path = Pods;
			sourceTree = "<group>";
		};
/* End PBXGroup section */

/* Begin PBXNativeTarget section */
		38C6147629895EBD004FD7A3 /* rss-reader */ = {
			isa = PBXNativeTarget;
			buildConfigurationList = 38C6148B29895EBF004FD7A3 /* Build configuration list for PBXNativeTarget "rss-reader" */;
			buildPhases = (
				B3D6311353B084F24E408ADC /* [CP] Check Pods Manifest.lock */,
				38C6147329895EBD004FD7A3 /* Sources */,
				38C6147429895EBD004FD7A3 /* Frameworks */,
				38C6147529895EBD004FD7A3 /* Resources */,
				451CBC38B67CA4A6136A1D86 /* [CP] Embed Pods Frameworks */,
			);
			buildRules = (
			);
			dependencies = (
			);
			name = "rss-reader";
			productName = "rss-reader";
			productReference = 38C6147729895EBD004FD7A3 /* rss-reader.app */;
			productType = "com.apple.product-type.application";
		};
/* End PBXNativeTarget section */

/* Begin PBXProject section */
		38C6146F29895EBD004FD7A3 /* Project object */ = {
			isa = PBXProject;
			attributes = {
				BuildIndependentTargetsInParallel = 1;
				LastSwiftUpdateCheck = 1420;
				LastUpgradeCheck = 1420;
				TargetAttributes = {
					38C6147629895EBD004FD7A3 = {
						CreatedOnToolsVersion = 14.2;
					};
				};
			};
			buildConfigurationList = 38C6147229895EBD004FD7A3 /* Build configuration list for PBXProject "rss-reader" */;
			compatibilityVersion = "Xcode 14.0";
			developmentRegion = en;
			hasScannedForEncodings = 0;
			knownRegions = (
				en,
				Base,
			);
			mainGroup = 38C6146E29895EBD004FD7A3;
			productRefGroup = 38C6147829895EBD004FD7A3 /* Products */;
			projectDirPath = "";
			projectRoot = "";
			targets = (
				38C6147629895EBD004FD7A3 /* rss-reader */,
			);
		};
/* End PBXProject section */

/* Begin PBXResourcesBuildPhase section */
		38C6147529895EBD004FD7A3 /* Resources */ = {
			isa = PBXResourcesBuildPhase;
			buildActionMask = 2147483647;
			files = (
				38C6148729895EBF004FD7A3 /* LaunchScreen.storyboard in Resources */,
				38C6148429895EBF004FD7A3 /* Assets.xcassets in Resources */,
			);
			runOnlyForDeploymentPostprocessing = 0;
		};
/* End PBXResourcesBuildPhase section */

/* Begin PBXShellScriptBuildPhase section */
		451CBC38B67CA4A6136A1D86 /* [CP] Embed Pods Frameworks */ = {
			isa = PBXShellScriptBuildPhase;
			buildActionMask = 2147483647;
			files = (
			);
			inputFileListPaths = (
				"${PODS_ROOT}/Target Support Files/Pods-rss-reader/Pods-rss-reader-frameworks-${CONFIGURATION}-input-files.xcfilelist",
			);
			name = "[CP] Embed Pods Frameworks";
			outputFileListPaths = (
				"${PODS_ROOT}/Target Support Files/Pods-rss-reader/Pods-rss-reader-frameworks-${CONFIGURATION}-output-files.xcfilelist",
			);
			runOnlyForDeploymentPostprocessing = 0;
			shellPath = /bin/sh;
			shellScript = "\"${PODS_ROOT}/Target Support Files/Pods-rss-reader/Pods-rss-reader-frameworks.sh\"\n";
			showEnvVarsInLog = 0;
		};
		B3D6311353B084F24E408ADC /* [CP] Check Pods Manifest.lock */ = {
			isa = PBXShellScriptBuildPhase;
			buildActionMask = 2147483647;
			files = (
			);
			inputFileListPaths = (
			);
			inputPaths = (
				"${PODS_PODFILE_DIR_PATH}/Podfile.lock",
				"${PODS_ROOT}/Manifest.lock",
			);
			name = "[CP] Check Pods Manifest.lock";
			outputFileListPaths = (
			);
			outputPaths = (
				"$(DERIVED_FILE_DIR)/Pods-rss-reader-checkManifestLockResult.txt",
			);
			runOnlyForDeploymentPostprocessing = 0;
			shellPath = /bin/sh;
			shellScript = "diff \"${PODS_PODFILE_DIR_PATH}/Podfile.lock\" \"${PODS_ROOT}/Manifest.lock\" > /dev/null\nif [ $? != 0 ] ; then\n    # print error to STDERR\n    echo \"error: The sandbox is not in sync with the Podfile.lock. Run 'pod install' or update your CocoaPods installation.\" >&2\n    exit 1\nfi\n# This output is used by Xcode 'outputs' to avoid re-running this script phase.\necho \"SUCCESS\" > \"${SCRIPT_OUTPUT_FILE_0}\"\n";
			showEnvVarsInLog = 0;
		};
/* End PBXShellScriptBuildPhase section */

/* Begin PBXSourcesBuildPhase section */
		38C6147329895EBD004FD7A3 /* Sources */ = {
			isa = PBXSourcesBuildPhase;
			buildActionMask = 2147483647;
			files = (
				38C614CC298AF9EA004FD7A3 /* NewsDetailsViewController.swift in Sources */,
				38C614A729898583004FD7A3 /* RouterProtocol.swift in Sources */,
				38C6149D29898236004FD7A3 /* MainViewController.swift in Sources */,
				38C614A929898593004FD7A3 /* Router.swift in Sources */,
				38C6149929898205004FD7A3 /* MainPresenterProtocol.swift in Sources */,
				38C614BD298A6121004FD7A3 /* NetworkService.swift in Sources */,
				38C6147B29895EBD004FD7A3 /* AppDelegate.swift in Sources */,
				38C6149B2989821A004FD7A3 /* MainViewProtocol.swift in Sources */,
				38C614AC29898812004FD7A3 /* News.swift in Sources */,
				38C614CA298AF9CD004FD7A3 /* NewsDetailsViewProtocol.swift in Sources */,
				38C614D0298AFA58004FD7A3 /* NewsDetailsPresenter.swift in Sources */,
				38C614CE298AFA29004FD7A3 /* NewsDetailsPresenterProtocol.swift in Sources */,
				38C614C4298A8E7E004FD7A3 /* extension+DateFormatter.swift in Sources */,
				38C6147D29895EBD004FD7A3 /* SceneDelegate.swift in Sources */,
				38C614AF2989888C004FD7A3 /* Parser.swift in Sources */,
				38C61497298981A1004FD7A3 /* MainPresenter.swift in Sources */,
				38C614BF298A612E004FD7A3 /* NetworkServiceProtocol.swift in Sources */,
				38C614C2298A6B27004FD7A3 /* ActivityIndicator.swift in Sources */,
				38C614A329898535004FD7A3 /* AssemblyBuilderProtocol.swift in Sources */,
				38C614B229899300004FD7A3 /* NewsCell.swift in Sources */,
				38C614A529898559004FD7A3 /* AssemblyBuilder.swift in Sources */,
			);
			runOnlyForDeploymentPostprocessing = 0;
		};
/* End PBXSourcesBuildPhase section */

/* Begin PBXVariantGroup section */
		38C6148529895EBF004FD7A3 /* LaunchScreen.storyboard */ = {
			isa = PBXVariantGroup;
			children = (
				38C6148629895EBF004FD7A3 /* Base */,
			);
			name = LaunchScreen.storyboard;
			sourceTree = "<group>";
		};
/* End PBXVariantGroup section */

/* Begin XCBuildConfiguration section */
		38C6148929895EBF004FD7A3 /* Debug */ = {
			isa = XCBuildConfiguration;
			buildSettings = {
				ALWAYS_SEARCH_USER_PATHS = NO;
				CLANG_ANALYZER_NONNULL = YES;
				CLANG_ANALYZER_NUMBER_OBJECT_CONVERSION = YES_AGGRESSIVE;
				CLANG_CXX_LANGUAGE_STANDARD = "gnu++20";
				CLANG_ENABLE_MODULES = YES;
				CLANG_ENABLE_OBJC_ARC = YES;
				CLANG_ENABLE_OBJC_WEAK = YES;
				CLANG_WARN_BLOCK_CAPTURE_AUTORELEASING = YES;
				CLANG_WARN_BOOL_CONVERSION = YES;
				CLANG_WARN_COMMA = YES;
				CLANG_WARN_CONSTANT_CONVERSION = YES;
				CLANG_WARN_DEPRECATED_OBJC_IMPLEMENTATIONS = YES;
				CLANG_WARN_DIRECT_OBJC_ISA_USAGE = YES_ERROR;
				CLANG_WARN_DOCUMENTATION_COMMENTS = YES;
				CLANG_WARN_EMPTY_BODY = YES;
				CLANG_WARN_ENUM_CONVERSION = YES;
				CLANG_WARN_INFINITE_RECURSION = YES;
				CLANG_WARN_INT_CONVERSION = YES;
				CLANG_WARN_NON_LITERAL_NULL_CONVERSION = YES;
				CLANG_WARN_OBJC_IMPLICIT_RETAIN_SELF = YES;
				CLANG_WARN_OBJC_LITERAL_CONVERSION = YES;
				CLANG_WARN_OBJC_ROOT_CLASS = YES_ERROR;
				CLANG_WARN_QUOTED_INCLUDE_IN_FRAMEWORK_HEADER = YES;
				CLANG_WARN_RANGE_LOOP_ANALYSIS = YES;
				CLANG_WARN_STRICT_PROTOTYPES = YES;
				CLANG_WARN_SUSPICIOUS_MOVE = YES;
				CLANG_WARN_UNGUARDED_AVAILABILITY = YES_AGGRESSIVE;
				CLANG_WARN_UNREACHABLE_CODE = YES;
				CLANG_WARN__DUPLICATE_METHOD_MATCH = YES;
				COPY_PHASE_STRIP = NO;
				DEBUG_INFORMATION_FORMAT = dwarf;
				ENABLE_STRICT_OBJC_MSGSEND = YES;
				ENABLE_TESTABILITY = YES;
				GCC_C_LANGUAGE_STANDARD = gnu11;
				GCC_DYNAMIC_NO_PIC = NO;
				GCC_NO_COMMON_BLOCKS = YES;
				GCC_OPTIMIZATION_LEVEL = 0;
				GCC_PREPROCESSOR_DEFINITIONS = (
					"DEBUG=1",
					"$(inherited)",
				);
				GCC_WARN_64_TO_32_BIT_CONVERSION = YES;
				GCC_WARN_ABOUT_RETURN_TYPE = YES_ERROR;
				GCC_WARN_UNDECLARED_SELECTOR = YES;
				GCC_WARN_UNINITIALIZED_AUTOS = YES_AGGRESSIVE;
				GCC_WARN_UNUSED_FUNCTION = YES;
				GCC_WARN_UNUSED_VARIABLE = YES;
				IPHONEOS_DEPLOYMENT_TARGET = 16.2;
				MTL_ENABLE_DEBUG_INFO = INCLUDE_SOURCE;
				MTL_FAST_MATH = YES;
				ONLY_ACTIVE_ARCH = YES;
				SDKROOT = iphoneos;
				SWIFT_ACTIVE_COMPILATION_CONDITIONS = DEBUG;
				SWIFT_OPTIMIZATION_LEVEL = "-Onone";
			};
			name = Debug;
		};
		38C6148A29895EBF004FD7A3 /* Release */ = {
			isa = XCBuildConfiguration;
			buildSettings = {
				ALWAYS_SEARCH_USER_PATHS = NO;
				CLANG_ANALYZER_NONNULL = YES;
				CLANG_ANALYZER_NUMBER_OBJECT_CONVERSION = YES_AGGRESSIVE;
				CLANG_CXX_LANGUAGE_STANDARD = "gnu++20";
				CLANG_ENABLE_MODULES = YES;
				CLANG_ENABLE_OBJC_ARC = YES;
				CLANG_ENABLE_OBJC_WEAK = YES;
				CLANG_WARN_BLOCK_CAPTURE_AUTORELEASING = YES;
				CLANG_WARN_BOOL_CONVERSION = YES;
				CLANG_WARN_COMMA = YES;
				CLANG_WARN_CONSTANT_CONVERSION = YES;
				CLANG_WARN_DEPRECATED_OBJC_IMPLEMENTATIONS = YES;
				CLANG_WARN_DIRECT_OBJC_ISA_USAGE = YES_ERROR;
				CLANG_WARN_DOCUMENTATION_COMMENTS = YES;
				CLANG_WARN_EMPTY_BODY = YES;
				CLANG_WARN_ENUM_CONVERSION = YES;
				CLANG_WARN_INFINITE_RECURSION = YES;
				CLANG_WARN_INT_CONVERSION = YES;
				CLANG_WARN_NON_LITERAL_NULL_CONVERSION = YES;
				CLANG_WARN_OBJC_IMPLICIT_RETAIN_SELF = YES;
				CLANG_WARN_OBJC_LITERAL_CONVERSION = YES;
				CLANG_WARN_OBJC_ROOT_CLASS = YES_ERROR;
				CLANG_WARN_QUOTED_INCLUDE_IN_FRAMEWORK_HEADER = YES;
				CLANG_WARN_RANGE_LOOP_ANALYSIS = YES;
				CLANG_WARN_STRICT_PROTOTYPES = YES;
				CLANG_WARN_SUSPICIOUS_MOVE = YES;
				CLANG_WARN_UNGUARDED_AVAILABILITY = YES_AGGRESSIVE;
				CLANG_WARN_UNREACHABLE_CODE = YES;
				CLANG_WARN__DUPLICATE_METHOD_MATCH = YES;
				COPY_PHASE_STRIP = NO;
				DEBUG_INFORMATION_FORMAT = "dwarf-with-dsym";
				ENABLE_NS_ASSERTIONS = NO;
				ENABLE_STRICT_OBJC_MSGSEND = YES;
				GCC_C_LANGUAGE_STANDARD = gnu11;
				GCC_NO_COMMON_BLOCKS = YES;
				GCC_WARN_64_TO_32_BIT_CONVERSION = YES;
				GCC_WARN_ABOUT_RETURN_TYPE = YES_ERROR;
				GCC_WARN_UNDECLARED_SELECTOR = YES;
				GCC_WARN_UNINITIALIZED_AUTOS = YES_AGGRESSIVE;
				GCC_WARN_UNUSED_FUNCTION = YES;
				GCC_WARN_UNUSED_VARIABLE = YES;
				IPHONEOS_DEPLOYMENT_TARGET = 16.2;
				MTL_ENABLE_DEBUG_INFO = NO;
				MTL_FAST_MATH = YES;
				SDKROOT = iphoneos;
				SWIFT_COMPILATION_MODE = wholemodule;
				SWIFT_OPTIMIZATION_LEVEL = "-O";
				VALIDATE_PRODUCT = YES;
			};
			name = Release;
		};
		38C6148C29895EBF004FD7A3 /* Debug */ = {
			isa = XCBuildConfiguration;
			baseConfigurationReference = 5E5602388346E355BFDD9B25 /* Pods-rss-reader.debug.xcconfig */;
			buildSettings = {
				ASSETCATALOG_COMPILER_APPICON_NAME = AppIcon;
				ASSETCATALOG_COMPILER_GLOBAL_ACCENT_COLOR_NAME = AccentColor;
				CODE_SIGN_STYLE = Automatic;
				CURRENT_PROJECT_VERSION = 1;
				DEVELOPMENT_TEAM = JPN4ML425P;
				GENERATE_INFOPLIST_FILE = YES;
				INFOPLIST_FILE = "rss-reader/res/Info.plist";
				INFOPLIST_KEY_UIApplicationSupportsIndirectInputEvents = YES;
				INFOPLIST_KEY_UILaunchStoryboardName = LaunchScreen;
				INFOPLIST_KEY_UISupportedInterfaceOrientations_iPad = "UIInterfaceOrientationPortrait UIInterfaceOrientationPortraitUpsideDown UIInterfaceOrientationLandscapeLeft UIInterfaceOrientationLandscapeRight";
				INFOPLIST_KEY_UISupportedInterfaceOrientations_iPhone = "UIInterfaceOrientationPortrait UIInterfaceOrientationLandscapeLeft UIInterfaceOrientationLandscapeRight";
				LD_RUNPATH_SEARCH_PATHS = (
					"$(inherited)",
					"@executable_path/Frameworks",
				);
				MARKETING_VERSION = 1.0;
				PRODUCT_BUNDLE_IDENTIFIER = "Tomilo.A.rss-reader";
				PRODUCT_NAME = "$(TARGET_NAME)";
				SWIFT_EMIT_LOC_STRINGS = YES;
				SWIFT_VERSION = 5.0;
				TARGETED_DEVICE_FAMILY = "1,2";
			};
			name = Debug;
		};
		38C6148D29895EBF004FD7A3 /* Release */ = {
			isa = XCBuildConfiguration;
			baseConfigurationReference = 66B44C82F9B59174E5EF1C6B /* Pods-rss-reader.release.xcconfig */;
			buildSettings = {
				ASSETCATALOG_COMPILER_APPICON_NAME = AppIcon;
				ASSETCATALOG_COMPILER_GLOBAL_ACCENT_COLOR_NAME = AccentColor;
				CODE_SIGN_STYLE = Automatic;
				CURRENT_PROJECT_VERSION = 1;
				DEVELOPMENT_TEAM = JPN4ML425P;
				GENERATE_INFOPLIST_FILE = YES;
				INFOPLIST_FILE = "rss-reader/res/Info.plist";
				INFOPLIST_KEY_UIApplicationSupportsIndirectInputEvents = YES;
				INFOPLIST_KEY_UILaunchStoryboardName = LaunchScreen;
				INFOPLIST_KEY_UISupportedInterfaceOrientations_iPad = "UIInterfaceOrientationPortrait UIInterfaceOrientationPortraitUpsideDown UIInterfaceOrientationLandscapeLeft UIInterfaceOrientationLandscapeRight";
				INFOPLIST_KEY_UISupportedInterfaceOrientations_iPhone = "UIInterfaceOrientationPortrait UIInterfaceOrientationLandscapeLeft UIInterfaceOrientationLandscapeRight";
				LD_RUNPATH_SEARCH_PATHS = (
					"$(inherited)",
					"@executable_path/Frameworks",
				);
				MARKETING_VERSION = 1.0;
				PRODUCT_BUNDLE_IDENTIFIER = "Tomilo.A.rss-reader";
				PRODUCT_NAME = "$(TARGET_NAME)";
				SWIFT_EMIT_LOC_STRINGS = YES;
				SWIFT_VERSION = 5.0;
				TARGETED_DEVICE_FAMILY = "1,2";
			};
			name = Release;
		};
/* End XCBuildConfiguration section */

/* Begin XCConfigurationList section */
		38C6147229895EBD004FD7A3 /* Build configuration list for PBXProject "rss-reader" */ = {
			isa = XCConfigurationList;
			buildConfigurations = (
				38C6148929895EBF004FD7A3 /* Debug */,
				38C6148A29895EBF004FD7A3 /* Release */,
			);
			defaultConfigurationIsVisible = 0;
			defaultConfigurationName = Release;
		};
		38C6148B29895EBF004FD7A3 /* Build configuration list for PBXNativeTarget "rss-reader" */ = {
			isa = XCConfigurationList;
			buildConfigurations = (
				38C6148C29895EBF004FD7A3 /* Debug */,
				38C6148D29895EBF004FD7A3 /* Release */,
			);
			defaultConfigurationIsVisible = 0;
			defaultConfigurationName = Release;
		};
/* End XCConfigurationList section */
	};
	rootObject = 38C6146F29895EBD004FD7A3 /* Project object */;
}
